
Microsoft Visual Studio Solution File, Format Version 12.00
# Visual Studio 15
VisualStudioVersion = 15.0.28307.757
MinimumVisualStudioVersion = 10.0.40219.1
Project("{9A19103F-16F7-4668-BE54-9A1E7A4F7556}") = "sample", "sample\sample.csproj", "{F1258481-145C-46E9-8781-F6BCAEA53E9C}"
EndProject
Project("{FAE04EC0-301F-11D3-BF4B-00C04F79EFBC}") = "split-wav", "split-wav\split-wav.csproj", "{1DAB8E73-69F6-4A6E-9036-8800A7778552}"
EndProject
Project("{2150E333-8FDC-42A3-9474-1A3956D46DE8}") = "files", "files", "{A9BF9CE6-45E5-4FC7-A23A-CADA70646B9F}"
	ProjectSection(SolutionItems) = preProject
		files\sample.json = files\sample.json
		files\sample.wav = files\sample.wav
	EndProjectSection
EndProject
Global
	GlobalSection(SolutionConfigurationPlatforms) = preSolution
		Debug|Any CPU = Debug|Any CPU
		Release|Any CPU = Release|Any CPU
	EndGlobalSection
	GlobalSection(ProjectConfigurationPlatforms) = postSolution
		{F1258481-145C-46E9-8781-F6BCAEA53E9C}.Debug|Any CPU.ActiveCfg = Debug|Any CPU
		{F1258481-145C-46E9-8781-F6BCAEA53E9C}.Debug|Any CPU.Build.0 = Debug|Any CPU
		{F1258481-145C-46E9-8781-F6BCAEA53E9C}.Release|Any CPU.ActiveCfg = Release|Any CPU
		{F1258481-145C-46E9-8781-F6BCAEA53E9C}.Release|Any CPU.Build.0 = Release|Any CPU
		{1DAB8E73-69F6-4A6E-9036-8800A7778552}.Debug|Any CPU.ActiveCfg = Debug|Any CPU
		{1DAB8E73-69F6-4A6E-9036-8800A7778552}.Debug|Any CPU.Build.0 = Debug|Any CPU
		{1DAB8E73-69F6-4A6E-9036-8800A7778552}.Release|Any CPU.ActiveCfg = Release|Any CPU
		{1DAB8E73-69F6-4A6E-9036-8800A7778552}.Release|Any CPU.Build.0 = Release|Any CPU
	EndGlobalSection
	GlobalSection(SolutionProperties) = preSolution
		HideSolutionNode = FALSE
	EndGlobalSection
	GlobalSection(ExtensibilityGlobals) = postSolution
		SolutionGuid = {B83EBA03-9509-4574-9347-D37A0424981D}
	EndGlobalSection
EndGlobal
